// !$*UTF8*$!
{
	archiveVersion = 1;
	classes = {
	};
	objectVersion = 46;
	objects = {

/* Begin PBXBuildFile section */
		18447AC61E67D41D00938EBC /* main.m in Sources */ = {isa = PBXBuildFile; fileRef = 18447AC51E67D41D00938EBC /* main.m */; };
		18447AC91E67D41D00938EBC /* AppDelegate.m in Sources */ = {isa = PBXBuildFile; fileRef = 18447AC81E67D41D00938EBC /* AppDelegate.m */; };
		18447ACC1E67D41D00938EBC /* MainController.m in Sources */ = {isa = PBXBuildFile; fileRef = 18447ACB1E67D41D00938EBC /* MainController.m */; };
		18447ACF1E67D41D00938EBC /* Main.storyboard in Resources */ = {isa = PBXBuildFile; fileRef = 18447ACD1E67D41D00938EBC /* Main.storyboard */; };
		18447AD11E67D41D00938EBC /* Assets.xcassets in Resources */ = {isa = PBXBuildFile; fileRef = 18447AD01E67D41D00938EBC /* Assets.xcassets */; };
		18447AD41E67D41D00938EBC /* LaunchScreen.storyboard in Resources */ = {isa = PBXBuildFile; fileRef = 18447AD21E67D41D00938EBC /* LaunchScreen.storyboard */; };
		18447AE11E67E7DD00938EBC /* Helpers.m in Sources */ = {isa = PBXBuildFile; fileRef = 18447AE01E67E7DD00938EBC /* Helpers.m */; };
/* End PBXBuildFile section */

/* Begin PBXFileReference section */
		18373AB91E7FD01E0034BA17 /* Constants.h */ = {isa = PBXFileReference; lastKnownFileType = sourcecode.c.h; path = Constants.h; sourceTree = "<group>"; };
		18447AC11E67D41D00938EBC /* KSExpandableTableView.app */ = {isa = PBXFileReference; explicitFileType = wrapper.application; includeInIndex = 0; path = KSExpandableTableView.app; sourceTree = BUILT_PRODUCTS_DIR; };
		18447AC51E67D41D00938EBC /* main.m */ = {isa = PBXFileReference; lastKnownFileType = sourcecode.c.objc; path = main.m; sourceTree = "<group>"; };
		18447AC71E67D41D00938EBC /* AppDelegate.h */ = {isa = PBXFileReference; lastKnownFileType = sourcecode.c.h; path = AppDelegate.h; sourceTree = "<group>"; };
		18447AC81E67D41D00938EBC /* AppDelegate.m */ = {isa = PBXFileReference; lastKnownFileType = sourcecode.c.objc; path = AppDelegate.m; sourceTree = "<group>"; };
		18447ACA1E67D41D00938EBC /* MainController.h */ = {isa = PBXFileReference; lastKnownFileType = sourcecode.c.h; path = MainController.h; sourceTree = "<group>"; };
		18447ACB1E67D41D00938EBC /* MainController.m */ = {isa = PBXFileReference; lastKnownFileType = sourcecode.c.objc; path = MainController.m; sourceTree = "<group>"; };
		18447ACE1E67D41D00938EBC /* Base */ = {isa = PBXFileReference; lastKnownFileType = file.storyboard; name = Base; path = Base.lproj/Main.storyboard; sourceTree = "<group>"; };
		18447AD01E67D41D00938EBC /* Assets.xcassets */ = {isa = PBXFileReference; lastKnownFileType = folder.assetcatalog; path = Assets.xcassets; sourceTree = "<group>"; };
		18447AD31E67D41D00938EBC /* Base */ = {isa = PBXFileReference; lastKnownFileType = file.storyboard; name = Base; path = Base.lproj/LaunchScreen.storyboard; sourceTree = "<group>"; };
		18447AD51E67D41D00938EBC /* Info.plist */ = {isa = PBXFileReference; lastKnownFileType = text.plist.xml; path = Info.plist; sourceTree = "<group>"; };
		18447ADB1E67D77F00938EBC /* Note.h */ = {isa = PBXFileReference; lastKnownFileType = sourcecode.c.h; path = Note.h; sourceTree = "<group>"; };
		18447ADF1E67E7DD00938EBC /* Helpers.h */ = {isa = PBXFileReference; fileEncoding = 4; lastKnownFileType = sourcecode.c.h; path = Helpers.h; sourceTree = "<group>"; };
		18447AE01E67E7DD00938EBC /* Helpers.m */ = {isa = PBXFileReference; fileEncoding = 4; lastKnownFileType = sourcecode.c.objc; path = Helpers.m; sourceTree = "<group>"; };
/* End PBXFileReference section */

/* Begin PBXFrameworksBuildPhase section */
		18447ABE1E67D41D00938EBC /* Frameworks */ = {
			isa = PBXFrameworksBuildPhase;
			buildActionMask = 2147483647;
			files = (
			);
			runOnlyForDeploymentPostprocessing = 0;
		};
/* End PBXFrameworksBuildPhase section */

/* Begin PBXGroup section */
		18447AB81E67D41D00938EBC = {
			isa = PBXGroup;
			children = (
				18447AC31E67D41D00938EBC /* KSExpandableTableView */,
				18447AC21E67D41D00938EBC /* Products */,
			);
			sourceTree = "<group>";
		};
		18447AC21E67D41D00938EBC /* Products */ = {
			isa = PBXGroup;
			children = (
				18447AC11E67D41D00938EBC /* KSExpandableTableView.app */,
			);
			name = Products;
			sourceTree = "<group>";
		};
		18447AC31E67D41D00938EBC /* KSExpandableTableView */ = {
			isa = PBXGroup;
			children = (
				18447AC71E67D41D00938EBC /* AppDelegate.h */,
				18447AC81E67D41D00938EBC /* AppDelegate.m */,
				18373AB91E7FD01E0034BA17 /* Constants.h */,
				18447ADB1E67D77F00938EBC /* Note.h */,
				18447ADF1E67E7DD00938EBC /* Helpers.h */,
				18447AE01E67E7DD00938EBC /* Helpers.m */,
				18447ACA1E67D41D00938EBC /* MainController.h */,
				18447ACB1E67D41D00938EBC /* MainController.m */,
				18447ACD1E67D41D00938EBC /* Main.storyboard */,
				18447AD01E67D41D00938EBC /* Assets.xcassets */,
				18447AD21E67D41D00938EBC /* LaunchScreen.storyboard */,
				18447AD51E67D41D00938EBC /* Info.plist */,
				18447AC41E67D41D00938EBC /* Supporting Files */,
			);
			path = KSExpandableTableView;
			sourceTree = "<group>";
		};
		18447AC41E67D41D00938EBC /* Supporting Files */ = {
			isa = PBXGroup;
			children = (
				18447AC51E67D41D00938EBC /* main.m */,
			);
			name = "Supporting Files";
			sourceTree = "<group>";
		};
/* End PBXGroup section */

/* Begin PBXNativeTarget section */
		18447AC01E67D41D00938EBC /* KSExpandableTableView */ = {
			isa = PBXNativeTarget;
			buildConfigurationList = 18447AD81E67D41D00938EBC /* Build configuration list for PBXNativeTarget "KSExpandableTableView" */;
			buildPhases = (
				18447ABD1E67D41D00938EBC /* Sources */,
				18447ABE1E67D41D00938EBC /* Frameworks */,
				18447ABF1E67D41D00938EBC /* Resources */,
			);
			buildRules = (
			);
			dependencies = (
			);
			name = KSExpandableTableView;
			productName = KSExpandableTableView;
			productReference = 18447AC11E67D41D00938EBC /* KSExpandableTableView.app */;
			productType = "com.apple.product-type.application";
		};
/* End PBXNativeTarget section */

/* Begin PBXProject section */
		18447AB91E67D41D00938EBC /* Project object */ = {
			isa = PBXProject;
			attributes = {
				LastUpgradeCheck = 0810;
				ORGANIZATIONNAME = Home;
				TargetAttributes = {
					18447AC01E67D41D00938EBC = {
						CreatedOnToolsVersion = 8.1;
						ProvisioningStyle = Automatic;
					};
				};
			};
			buildConfigurationList = 18447ABC1E67D41D00938EBC /* Build configuration list for PBXProject "KSExpandableTableView" */;
			compatibilityVersion = "Xcode 3.2";
			developmentRegion = English;
			hasScannedForEncodings = 0;
			knownRegions = (
				en,
				Base,
			);
			mainGroup = 18447AB81E67D41D00938EBC;
			productRefGroup = 18447AC21E67D41D00938EBC /* Products */;
			projectDirPath = "";
			projectRoot = "";
			targets = (
				18447AC01E67D41D00938EBC /* KSExpandableTableView */,
			);
		};
/* End PBXProject section */

/* Begin PBXResourcesBuildPhase section */
		18447ABF1E67D41D00938EBC /* Resources */ = {
			isa = PBXResourcesBuildPhase;
			buildActionMask = 2147483647;
			files = (
				18447AD41E67D41D00938EBC /* LaunchScreen.storyboard in Resources */,
				18447AD11E67D41D00938EBC /* Assets.xcassets in Resources */,
				18447ACF1E67D41D00938EBC /* Main.storyboard in Resources */,
			);
			runOnlyForDeploymentPostprocessing = 0;
		};
/* End PBXResourcesBuildPhase section */

/* Begin PBXSourcesBuildPhase section */
		18447ABD1E67D41D00938EBC /* Sources */ = {
			isa = PBXSourcesBuildPhase;
			buildActionMask = 2147483647;
			files = (
				18447ACC1E67D41D00938EBC /* MainController.m in Sources */,
				18447AC91E67D41D00938EBC /* AppDelegate.m in Sources */,
				18447AC61E67D41D00938EBC /* main.m in Sources */,
				18447AE11E67E7DD00938EBC /* Helpers.m in Sources */,
			);
			runOnlyForDeploymentPostprocessing = 0;
		};
/* End PBXSourcesBuildPhase section */

/* Begin PBXVariantGroup section */
		18447ACD1E67D41D00938EBC /* Main.storyboard */ = {
			isa = PBXVariantGroup;
			children = (
				18447ACE1E67D41D00938EBC /* Base */,
			);
			name = Main.storyboard;
			sourceTree = "<group>";
		};
		18447AD21E67D41D00938EBC /* LaunchScreen.storyboard */ = {
			isa = PBXVariantGroup;
			children = (
				18447AD31E67D41D00938EBC /* Base */,
			);
			name = LaunchScreen.storyboard;
			sourceTree = "<group>";
		};
/* End PBXVariantGroup section */

/* Begin XCBuildConfiguration section */
		18447AD61E67D41D00938EBC /* Debug */ = {
			isa = XCBuildConfiguration;
			buildSettings = {
				ALWAYS_SEARCH_USER_PATHS = NO;
				CLANG_ANALYZER_NONNULL = YES;
				CLANG_CXX_LANGUAGE_STANDARD = "gnu++0x";
				CLANG_CXX_LIBRARY = "libc++";
				CLANG_ENABLE_MODULES = YES;
				CLANG_ENABLE_OBJC_ARC = YES;
				CLANG_WARN_BOOL_CONVERSION = YES;
				CLANG_WARN_CONSTANT_CONVERSION = YES;
				CLANG_WARN_DIRECT_OBJC_ISA_USAGE = YES_ERROR;
				CLANG_WARN_DOCUMENTATION_COMMENTS = YES;
				CLANG_WARN_EMPTY_BODY = YES;
				CLANG_WARN_ENUM_CONVERSION = YES;
				CLANG_WARN_INFINITE_RECURSION = YES;
				CLANG_WARN_INT_CONVERSION = YES;
				CLANG_WARN_OBJC_ROOT_CLASS = YES_ERROR;
				CLANG_WARN_SUSPICIOUS_MOVES = YES;
				CLANG_WARN_UNREACHABLE_CODE = YES;
				CLANG_WARN__DUPLICATE_METHOD_MATCH = YES;
				"CODE_SIGN_IDENTITY[sdk=iphoneos*]" = "iPhone Developer";
				COPY_PHASE_STRIP = NO;
				DEBUG_INFORMATION_FORMAT = dwarf;
				ENABLE_STRICT_OBJC_MSGSEND = YES;
				ENABLE_TESTABILITY = YES;
				GCC_C_LANGUAGE_STANDARD = gnu99;
				GCC_DYNAMIC_NO_PIC = NO;
				GCC_NO_COMMON_BLOCKS = YES;
				GCC_OPTIMIZATION_LEVEL = 0;
				GCC_PREPROCESSOR_DEFINITIONS = (
					"DEBUG=1",
					"$(inherited)",
				);
				GCC_WARN_64_TO_32_BIT_CONVERSION = YES;
				GCC_WARN_ABOUT_RETURN_TYPE = YES_ERROR;
				GCC_WARN_UNDECLARED_SELECTOR = YES;
				GCC_WARN_UNINITIALIZED_AUTOS = YES_AGGRESSIVE;
				GCC_WARN_UNUSED_FUNCTION = YES;
				GCC_WARN_UNUSED_VARIABLE = YES;
				IPHONEOS_DEPLOYMENT_TARGET = 10.1;
				MTL_ENABLE_DEBUG_INFO = YES;
				ONLY_ACTIVE_ARCH = YES;
				SDKROOT = iphoneos;
			};
			name = Debug;
		};
		18447AD71E67D41D00938EBC /* Release */ = {
			isa = XCBuildConfiguration;
			buildSettings = {
				ALWAYS_SEARCH_USER_PATHS = NO;
				CLANG_ANALYZER_NONNULL = YES;
				CLANG_CXX_LANGUAGE_STANDARD = "gnu++0x";
				CLANG_CXX_LIBRARY = "libc++";
				CLANG_ENABLE_MODULES = YES;
				CLANG_ENABLE_OBJC_ARC = YES;
				CLANG_WARN_BOOL_CONVERSION = YES;
				CLANG_WARN_CONSTANT_CONVERSION = YES;
				CLANG_WARN_DIRECT_OBJC_ISA_USAGE = YES_ERROR;
				CLANG_WARN_DOCUMENTATION_COMMENTS = YES;
				CLANG_WARN_EMPTY_BODY = YES;
				CLANG_WARN_ENUM_CONVERSION = YES;
				CLANG_WARN_INFINITE_RECURSION = YES;
				CLANG_WARN_INT_CONVERSION = YES;
				CLANG_WARN_OBJC_ROOT_CLASS = YES_ERROR;
				CLANG_WARN_SUSPICIOUS_MOVES = YES;
				CLANG_WARN_UNREACHABLE_CODE = YES;
				CLANG_WARN__DUPLICATE_METHOD_MATCH = YES;
				"CODE_SIGN_IDENTITY[sdk=iphoneos*]" = "iPhone Developer";
				COPY_PHASE_STRIP = NO;
				DEBUG_INFORMATION_FORMAT = "dwarf-with-dsym";
				ENABLE_NS_ASSERTIONS = NO;
				ENABLE_STRICT_OBJC_MSGSEND = YES;
				GCC_C_LANGUAGE_STANDARD = gnu99;
				GCC_NO_COMMON_BLOCKS = YES;
				GCC_WARN_64_TO_32_BIT_CONVERSION = YES;
				GCC_WARN_ABOUT_RETURN_TYPE = YES_ERROR;
				GCC_WARN_UNDECLARED_SELECTOR = YES;
				GCC_WARN_UNINITIALIZED_AUTOS = YES_AGGRESSIVE;
				GCC_WARN_UNUSED_FUNCTION = YES;
				GCC_WARN_UNUSED_VARIABLE = YES;
				IPHONEOS_DEPLOYMENT_TARGET = 10.1;
				MTL_ENABLE_DEBUG_INFO = NO;
				SDKROOT = iphoneos;
				VALIDATE_PRODUCT = YES;
			};
			name = Release;
		};
		18447AD91E67D41D00938EBC /* Debug */ = {
			isa = XCBuildConfiguration;
			buildSettings = {
				ASSETCATALOG_COMPILER_APPICON_NAME = AppIcon;
				INFOPLIST_FILE = KSExpandableTableView/Info.plist;
				IPHONEOS_DEPLOYMENT_TARGET = 8.0;
				LD_RUNPATH_SEARCH_PATHS = "$(inherited) @executable_path/Frameworks";
				PRODUCT_BUNDLE_IDENTIFIER = np.com.khagendra.KSExpandableTableView;
				PRODUCT_NAME = "$(TARGET_NAME)";
			};
			name = Debug;
		};
		18447ADA1E67D41D00938EBC /* Release */ = {
			isa = XCBuildConfiguration;
			buildSettings = {
				ASSETCATALOG_COMPILER_APPICON_NAME = AppIcon;
				INFOPLIST_FILE = KSExpandableTableView/Info.plist;
				IPHONEOS_DEPLOYMENT_TARGET = 8.0;
				LD_RUNPATH_SEARCH_PATHS = "$(inherited) @executable_path/Frameworks";
				PRODUCT_BUNDLE_IDENTIFIER = np.com.khagendra.KSExpandableTableView;
				PRODUCT_NAME = "$(TARGET_NAME)";
			};
			name = Release;
		};
/* End XCBuildConfiguration section */

/* Begin XCConfigurationList section */
		18447ABC1E67D41D00938EBC /* Build configuration list for PBXProject "KSExpandableTableView" */ = {
			isa = XCConfigurationList;
			buildConfigurations = (
				18447AD61E67D41D00938EBC /* Debug */,
				18447AD71E67D41D00938EBC /* Release */,
			);
			defaultConfigurationIsVisible = 0;
			defaultConfigurationName = Release;
		};
		18447AD81E67D41D00938EBC /* Build configuration list for PBXNativeTarget "KSExpandableTableView" */ = {
			isa = XCConfigurationList;
			buildConfigurations = (
				18447AD91E67D41D00938EBC /* Debug */,
				18447ADA1E67D41D00938EBC /* Release */,
			);
			defaultConfigurationIsVisible = 0;
			defaultConfigurationName = Release;
		};
/* End XCConfigurationList section */
	};
	rootObject = 18447AB91E67D41D00938EBC /* Project object */;
}
